// !$*UTF8*$!
{
	archiveVersion = 1;
	classes = {
	};
	objectVersion = 50;
	objects = {

/* Begin PBXBuildFile section */
		5E381EAB2427F84700072663 /* Right.png in Resources */ = {isa = PBXBuildFile; fileRef = 5E381EA92427F84700072663 /* Right.png */; };
		5E381EAC2427F84700072663 /* Wrong.png in Resources */ = {isa = PBXBuildFile; fileRef = 5E381EAA2427F84700072663 /* Wrong.png */; };
		5ECF0C07242833FA000D7772 /* readME.md in Resources */ = {isa = PBXBuildFile; fileRef = 5ECF0C06242833F9000D7772 /* readME.md */; };
		5EE1778A2427E37D0038256D /* AppDelegate.swift in Sources */ = {isa = PBXBuildFile; fileRef = 5EE177892427E37D0038256D /* AppDelegate.swift */; };
		5EE1778C2427E37D0038256D /* SceneDelegate.swift in Sources */ = {isa = PBXBuildFile; fileRef = 5EE1778B2427E37D0038256D /* SceneDelegate.swift */; };
		5EE1778E2427E37D0038256D /* ViewController.swift in Sources */ = {isa = PBXBuildFile; fileRef = 5EE1778D2427E37D0038256D /* ViewController.swift */; };
		5EE177912427E37D0038256D /* Main.storyboard in Resources */ = {isa = PBXBuildFile; fileRef = 5EE1778F2427E37D0038256D /* Main.storyboard */; };
		5EE177932427E3800038256D /* Assets.xcassets in Resources */ = {isa = PBXBuildFile; fileRef = 5EE177922427E3800038256D /* Assets.xcassets */; };
		5EE177962427E3800038256D /* LaunchScreen.storyboard in Resources */ = {isa = PBXBuildFile; fileRef = 5EE177942427E3800038256D /* LaunchScreen.storyboard */; };
/* End PBXBuildFile section */

/* Begin PBXFileReference section */
		5E381EA92427F84700072663 /* Right.png */ = {isa = PBXFileReference; lastKnownFileType = image.png; path = Right.png; sourceTree = "<group>"; };
		5E381EAA2427F84700072663 /* Wrong.png */ = {isa = PBXFileReference; lastKnownFileType = image.png; path = Wrong.png; sourceTree = "<group>"; };
		5ECF0C06242833F9000D7772 /* readME.md */ = {isa = PBXFileReference; fileEncoding = 4; lastKnownFileType = net.daringfireball.markdown; path = readME.md; sourceTree = "<group>"; };
		5EE177862427E37D0038256D /* mathGame.app */ = {isa = PBXFileReference; explicitFileType = wrapper.application; includeInIndex = 0; path = mathGame.app; sourceTree = BUILT_PRODUCTS_DIR; };
		5EE177892427E37D0038256D /* AppDelegate.swift */ = {isa = PBXFileReference; lastKnownFileType = sourcecode.swift; path = AppDelegate.swift; sourceTree = "<group>"; };
		5EE1778B2427E37D0038256D /* SceneDelegate.swift */ = {isa = PBXFileReference; lastKnownFileType = sourcecode.swift; path = SceneDelegate.swift; sourceTree = "<group>"; };
		5EE1778D2427E37D0038256D /* ViewController.swift */ = {isa = PBXFileReference; lastKnownFileType = sourcecode.swift; path = ViewController.swift; sourceTree = "<group>"; };
		5EE177902427E37D0038256D /* Base */ = {isa = PBXFileReference; lastKnownFileType = file.storyboard; name = Base; path = Base.lproj/Main.storyboard; sourceTree = "<group>"; };
		5EE177922427E3800038256D /* Assets.xcassets */ = {isa = PBXFileReference; lastKnownFileType = folder.assetcatalog; path = Assets.xcassets; sourceTree = "<group>"; };
		5EE177952427E3800038256D /* Base */ = {isa = PBXFileReference; lastKnownFileType = file.storyboard; name = Base; path = Base.lproj/LaunchScreen.storyboard; sourceTree = "<group>"; };
		5EE177972427E3800038256D /* Info.plist */ = {isa = PBXFileReference; lastKnownFileType = text.plist.xml; path = Info.plist; sourceTree = "<group>"; };
/* End PBXFileReference section */

/* Begin PBXFrameworksBuildPhase section */
		5EE177832427E37D0038256D /* Frameworks */ = {
			isa = PBXFrameworksBuildPhase;
			buildActionMask = 2147483647;
			files = (
			);
			runOnlyForDeploymentPostprocessing = 0;
		};
/* End PBXFrameworksBuildPhase section */

/* Begin PBXGroup section */
		5E381EA82427F7F600072663 /* Content */ = {
			isa = PBXGroup;
			children = (
				5E381EA92427F84700072663 /* Right.png */,
				5E381EAA2427F84700072663 /* Wrong.png */,
			);
			path = Content;
			sourceTree = "<group>";
		};
		5EE1777D2427E37D0038256D = {
			isa = PBXGroup;
			children = (
				5ECF0C06242833F9000D7772 /* readME.md */,
				5EE177882427E37D0038256D /* swift_math_game */,
				5EE177872427E37D0038256D /* Products */,
			);
			sourceTree = "<group>";
		};
		5EE177872427E37D0038256D /* Products */ = {
			isa = PBXGroup;
			children = (
				5EE177862427E37D0038256D /* mathGame.app */,
			);
			name = Products;
			sourceTree = "<group>";
		};
		5EE177882427E37D0038256D /* swift_math_game */ = {
			isa = PBXGroup;
			children = (
				5E381EA82427F7F600072663 /* Content */,
				5EE177892427E37D0038256D /* AppDelegate.swift */,
				5EE1778B2427E37D0038256D /* SceneDelegate.swift */,
				5EE1778F2427E37D0038256D /* Main.storyboard */,
				5EE1778D2427E37D0038256D /* ViewController.swift */,
				5EE177922427E3800038256D /* Assets.xcassets */,
				5EE177942427E3800038256D /* LaunchScreen.storyboard */,
				5EE177972427E3800038256D /* Info.plist */,
			);
			path = swift_math_game;
			sourceTree = "<group>";
		};
/* End PBXGroup section */

/* Begin PBXNativeTarget section */
		5EE177852427E37D0038256D /* swift_math_game */ = {
			isa = PBXNativeTarget;
			buildConfigurationList = 5EE1779A2427E3800038256D /* Build configuration list for PBXNativeTarget "swift_math_game" */;
			buildPhases = (
				5EE177822427E37D0038256D /* Sources */,
				5EE177832427E37D0038256D /* Frameworks */,
				5EE177842427E37D0038256D /* Resources */,
			);
			buildRules = (
			);
			dependencies = (
			);
			name = swift_math_game;
			productName = swift_math_game;
			productReference = 5EE177862427E37D0038256D /* mathGame.app */;
			productType = "com.apple.product-type.application";
		};
/* End PBXNativeTarget section */

/* Begin PBXProject section */
		5EE1777E2427E37D0038256D /* Project object */ = {
			isa = PBXProject;
			attributes = {
				LastSwiftUpdateCheck = 1130;
				LastUpgradeCheck = 1130;
				ORGANIZATIONNAME = "Lucian Cerbu";
				TargetAttributes = {
					5EE177852427E37D0038256D = {
						CreatedOnToolsVersion = 11.3.1;
					};
				};
			};
			buildConfigurationList = 5EE177812427E37D0038256D /* Build configuration list for PBXProject "swift_math_game" */;
			compatibilityVersion = "Xcode 9.3";
			developmentRegion = en;
			hasScannedForEncodings = 0;
			knownRegions = (
				en,
				Base,
			);
			mainGroup = 5EE1777D2427E37D0038256D;
			productRefGroup = 5EE177872427E37D0038256D /* Products */;
			projectDirPath = "";
			projectRoot = "";
			targets = (
				5EE177852427E37D0038256D /* swift_math_game */,
			);
		};
/* End PBXProject section */

/* Begin PBXResourcesBuildPhase section */
		5EE177842427E37D0038256D /* Resources */ = {
			isa = PBXResourcesBuildPhase;
			buildActionMask = 2147483647;
			files = (
				5EE177962427E3800038256D /* LaunchScreen.storyboard in Resources */,
				5EE177932427E3800038256D /* Assets.xcassets in Resources */,
				5E381EAC2427F84700072663 /* Wrong.png in Resources */,
				5E381EAB2427F84700072663 /* Right.png in Resources */,
				5ECF0C07242833FA000D7772 /* readME.md in Resources */,
				5EE177912427E37D0038256D /* Main.storyboard in Resources */,
			);
			runOnlyForDeploymentPostprocessing = 0;
		};
/* End PBXResourcesBuildPhase section */

/* Begin PBXSourcesBuildPhase section */
		5EE177822427E37D0038256D /* Sources */ = {
			isa = PBXSourcesBuildPhase;
			buildActionMask = 2147483647;
			files = (
				5EE1778E2427E37D0038256D /* ViewController.swift in Sources */,
				5EE1778A2427E37D0038256D /* AppDelegate.swift in Sources */,
				5EE1778C2427E37D0038256D /* SceneDelegate.swift in Sources */,
			);
			runOnlyForDeploymentPostprocessing = 0;
		};
/* End PBXSourcesBuildPhase section */

/* Begin PBXVariantGroup section */
		5EE1778F2427E37D0038256D /* Main.storyboard */ = {
			isa = PBXVariantGroup;
			children = (
				5EE177902427E37D0038256D /* Base */,
			);
			name = Main.storyboard;
			sourceTree = "<group>";
		};
		5EE177942427E3800038256D /* LaunchScreen.storyboard */ = {
			isa = PBXVariantGroup;
			children = (
				5EE177952427E3800038256D /* Base */,
			);
			name = LaunchScreen.storyboard;
			sourceTree = "<group>";
		};
/* End PBXVariantGroup section */

/* Begin XCBuildConfiguration section */
		5EE177982427E3800038256D /* Debug */ = {
			isa = XCBuildConfiguration;
			buildSettings = {
				ALWAYS_SEARCH_USER_PATHS = NO;
				CLANG_ANALYZER_NONNULL = YES;
				CLANG_ANALYZER_NUMBER_OBJECT_CONVERSION = YES_AGGRESSIVE;
				CLANG_CXX_LANGUAGE_STANDARD = "gnu++14";
				CLANG_CXX_LIBRARY = "libc++";
				CLANG_ENABLE_MODULES = YES;
				CLANG_ENABLE_OBJC_ARC = YES;
				CLANG_ENABLE_OBJC_WEAK = YES;
				CLANG_WARN_BLOCK_CAPTURE_AUTORELEASING = YES;
				CLANG_WARN_BOOL_CONVERSION = YES;
				CLANG_WARN_COMMA = YES;
				CLANG_WARN_CONSTANT_CONVERSION = YES;
				CLANG_WARN_DEPRECATED_OBJC_IMPLEMENTATIONS = YES;
				CLANG_WARN_DIRECT_OBJC_ISA_USAGE = YES_ERROR;
				CLANG_WARN_DOCUMENTATION_COMMENTS = YES;
				CLANG_WARN_EMPTY_BODY = YES;
				CLANG_WARN_ENUM_CONVERSION = YES;
				CLANG_WARN_INFINITE_RECURSION = YES;
				CLANG_WARN_INT_CONVERSION = YES;
				CLANG_WARN_NON_LITERAL_NULL_CONVERSION = YES;
				CLANG_WARN_OBJC_IMPLICIT_RETAIN_SELF = YES;
				CLANG_WARN_OBJC_LITERAL_CONVERSION = YES;
				CLANG_WARN_OBJC_ROOT_CLASS = YES_ERROR;
				CLANG_WARN_RANGE_LOOP_ANALYSIS = YES;
				CLANG_WARN_STRICT_PROTOTYPES = YES;
				CLANG_WARN_SUSPICIOUS_MOVE = YES;
				CLANG_WARN_UNGUARDED_AVAILABILITY = YES_AGGRESSIVE;
				CLANG_WARN_UNREACHABLE_CODE = YES;
				CLANG_WARN__DUPLICATE_METHOD_MATCH = YES;
				COPY_PHASE_STRIP = NO;
				DEBUG_INFORMATION_FORMAT = dwarf;
				ENABLE_STRICT_OBJC_MSGSEND = YES;
				ENABLE_TESTABILITY = YES;
				GCC_C_LANGUAGE_STANDARD = gnu11;
				GCC_DYNAMIC_NO_PIC = NO;
				GCC_NO_COMMON_BLOCKS = YES;
				GCC_OPTIMIZATION_LEVEL = 0;
				GCC_PREPROCESSOR_DEFINITIONS = (
					"DEBUG=1",
					"$(inherited)",
				);
				GCC_WARN_64_TO_32_BIT_CONVERSION = YES;
				GCC_WARN_ABOUT_RETURN_TYPE = YES_ERROR;
				GCC_WARN_UNDECLARED_SELECTOR = YES;
				GCC_WARN_UNINITIALIZED_AUTOS = YES_AGGRESSIVE;
				GCC_WARN_UNUSED_FUNCTION = YES;
				GCC_WARN_UNUSED_VARIABLE = YES;
				IPHONEOS_DEPLOYMENT_TARGET = 13.2;
				MTL_ENABLE_DEBUG_INFO = INCLUDE_SOURCE;
				MTL_FAST_MATH = YES;
				ONLY_ACTIVE_ARCH = YES;
				SDKROOT = iphoneos;
				SWIFT_ACTIVE_COMPILATION_CONDITIONS = DEBUG;
				SWIFT_OPTIMIZATION_LEVEL = "-Onone";
			};
			name = Debug;
		};
		5EE177992427E3800038256D /* Release */ = {
			isa = XCBuildConfiguration;
			buildSettings = {
				ALWAYS_SEARCH_USER_PATHS = NO;
				CLANG_ANALYZER_NONNULL = YES;
				CLANG_ANALYZER_NUMBER_OBJECT_CONVERSION = YES_AGGRESSIVE;
				CLANG_CXX_LANGUAGE_STANDARD = "gnu++14";
				CLANG_CXX_LIBRARY = "libc++";
				CLANG_ENABLE_MODULES = YES;
				CLANG_ENABLE_OBJC_ARC = YES;
				CLANG_ENABLE_OBJC_WEAK = YES;
				CLANG_WARN_BLOCK_CAPTURE_AUTORELEASING = YES;
				CLANG_WARN_BOOL_CONVERSION = YES;
				CLANG_WARN_COMMA = YES;
				CLANG_WARN_CONSTANT_CONVERSION = YES;
				CLANG_WARN_DEPRECATED_OBJC_IMPLEMENTATIONS = YES;
				CLANG_WARN_DIRECT_OBJC_ISA_USAGE = YES_ERROR;
				CLANG_WARN_DOCUMENTATION_COMMENTS = YES;
				CLANG_WARN_EMPTY_BODY = YES;
				CLANG_WARN_ENUM_CONVERSION = YES;
				CLANG_WARN_INFINITE_RECURSION = YES;
				CLANG_WARN_INT_CONVERSION = YES;
				CLANG_WARN_NON_LITERAL_NULL_CONVERSION = YES;
				CLANG_WARN_OBJC_IMPLICIT_RETAIN_SELF = YES;
				CLANG_WARN_OBJC_LITERAL_CONVERSION = YES;
				CLANG_WARN_OBJC_ROOT_CLASS = YES_ERROR;
				CLANG_WARN_RANGE_LOOP_ANALYSIS = YES;
				CLANG_WARN_STRICT_PROTOTYPES = YES;
				CLANG_WARN_SUSPICIOUS_MOVE = YES;
				CLANG_WARN_UNGUARDED_AVAILABILITY = YES_AGGRESSIVE;
				CLANG_WARN_UNREACHABLE_CODE = YES;
				CLANG_WARN__DUPLICATE_METHOD_MATCH = YES;
				COPY_PHASE_STRIP = NO;
				DEBUG_INFORMATION_FORMAT = "dwarf-with-dsym";
				ENABLE_NS_ASSERTIONS = NO;
				ENABLE_STRICT_OBJC_MSGSEND = YES;
				GCC_C_LANGUAGE_STANDARD = gnu11;
				GCC_NO_COMMON_BLOCKS = YES;
				GCC_WARN_64_TO_32_BIT_CONVERSION = YES;
				GCC_WARN_ABOUT_RETURN_TYPE = YES_ERROR;
				GCC_WARN_UNDECLARED_SELECTOR = YES;
				GCC_WARN_UNINITIALIZED_AUTOS = YES_AGGRESSIVE;
				GCC_WARN_UNUSED_FUNCTION = YES;
				GCC_WARN_UNUSED_VARIABLE = YES;
				IPHONEOS_DEPLOYMENT_TARGET = 13.2;
				MTL_ENABLE_DEBUG_INFO = NO;
				MTL_FAST_MATH = YES;
				SDKROOT = iphoneos;
				SWIFT_COMPILATION_MODE = wholemodule;
				SWIFT_OPTIMIZATION_LEVEL = "-O";
				VALIDATE_PRODUCT = YES;
			};
			name = Release;
		};
		5EE1779B2427E3800038256D /* Debug */ = {
			isa = XCBuildConfiguration;
			buildSettings = {
				ASSETCATALOG_COMPILER_APPICON_NAME = AppIcon;
				CODE_SIGN_STYLE = Automatic;
				DEVELOPMENT_TEAM = UWT8ABFL89;
				INFOPLIST_FILE = swift_math_game/Info.plist;
				IPHONEOS_DEPLOYMENT_TARGET = 13.0;
				LD_RUNPATH_SEARCH_PATHS = (
					"$(inherited)",
					"@executable_path/Frameworks",
				);
				PRODUCT_BUNDLE_IDENTIFIER = "com.lce.math-game";
				PRODUCT_NAME = mathGame;
				SWIFT_VERSION = 5.0;
				TARGETED_DEVICE_FAMILY = "1,2";
			};
			name = Debug;
		};
		5EE1779C2427E3800038256D /* Release */ = {
			isa = XCBuildConfiguration;
			buildSettings = {
				ASSETCATALOG_COMPILER_APPICON_NAME = AppIcon;
				CODE_SIGN_STYLE = Automatic;
				DEVELOPMENT_TEAM = UWT8ABFL89;
				INFOPLIST_FILE = swift_math_game/Info.plist;
				IPHONEOS_DEPLOYMENT_TARGET = 13.0;
				LD_RUNPATH_SEARCH_PATHS = (
					"$(inherited)",
					"@executable_path/Frameworks",
				);
				PRODUCT_BUNDLE_IDENTIFIER = "com.lce.math-game";
				PRODUCT_NAME = mathGame;
				SWIFT_VERSION = 5.0;
				TARGETED_DEVICE_FAMILY = "1,2";
			};
			name = Release;
		};
/* End XCBuildConfiguration section */

/* Begin XCConfigurationList section */
		5EE177812427E37D0038256D /* Build configuration list for PBXProject "swift_math_game" */ = {
			isa = XCConfigurationList;
			buildConfigurations = (
				5EE177982427E3800038256D /* Debug */,
				5EE177992427E3800038256D /* Release */,
			);
			defaultConfigurationIsVisible = 0;
			defaultConfigurationName = Release;
		};
		5EE1779A2427E3800038256D /* Build configuration list for PBXNativeTarget "swift_math_game" */ = {
			isa = XCConfigurationList;
			buildConfigurations = (
				5EE1779B2427E3800038256D /* Debug */,
				5EE1779C2427E3800038256D /* Release */,
			);
			defaultConfigurationIsVisible = 0;
			defaultConfigurationName = Release;
		};
/* End XCConfigurationList section */
	};
	rootObject = 5EE1777E2427E37D0038256D /* Project object */;
}
